{
    "_readme": [
        "This file locks the dependencies of your project to a known state",
        "Read more about it at https://getcomposer.org/doc/01-basic-usage.md#composer-lock-the-lock-file",
        "This file is @generated automatically"
    ],
    "hash": "1056cb8ed072fd4fe301d2be3932b50d",
    "content-hash": "70b5e008b8e69f3ea755c506e9c8f246",
    "packages": [],
    "packages-dev": [],
    "aliases": [],
    "minimum-stability": "stable",
    "stability-flags": [],
    "prefer-stable": false,
    "prefer-lowest": false,
    "platform": {
        "php": ">=5.3.0",
        "ext-curl": "^0.0.0"
    },
    "platform-dev": {
        "ext-curl": "^0.0.0"
    }
}
